
Microsoft Visual Studio Solution File, Format Version 12.00
# Visual Studio Version 16
VisualStudioVersion = 16.0.30804.86
MinimumVisualStudioVersion = 10.0.40219.1
Project("{2150E333-8FDC-42A3-9474-1A3956D46DE8}") = "Services", "Services", "{26AA86CF-962E-4EF0-B7AB-5DB8E95E46BD}"
EndProject
Project("{2150E333-8FDC-42A3-9474-1A3956D46DE8}") = "Catalog", "Catalog", "{CD58EE92-7FFE-41A3-8894-96F52CBEE4FB}"
EndProject
Project("{9A19103F-16F7-4668-BE54-9A1E7A4F7556}") = "Catalog.API", "Services\Catalog\Catalog.API\Catalog.API.csproj", "{0C9FC3D2-3A2D-4395-89F5-B17FB55CF8B1}"
EndProject
Project("{E53339B2-1760-4266-BCC7-CA923CBCF16C}") = "docker-compose", "docker-compose.dcproj", "{3A9ABA71-ABC0-4485-BDDA-F3FE41DE8009}"
EndProject
Project("{2150E333-8FDC-42A3-9474-1A3956D46DE8}") = "Basket", "Basket", "{29DCEAF7-8019-454B-97AA-29CD3DED1C86}"
EndProject
Project("{9A19103F-16F7-4668-BE54-9A1E7A4F7556}") = "Basket.API", "Services\Basket\Basket.API\Basket.API.csproj", "{BEE8C060-1F21-42B7-ACC9-7CAF384CFD67}"
EndProject
Project("{2150E333-8FDC-42A3-9474-1A3956D46DE8}") = "Discount", "Discount", "{4FBFBA4E-BF43-4C60-8B41-A67EBDE574C4}"
EndProject
Project("{9A19103F-16F7-4668-BE54-9A1E7A4F7556}") = "Discount.API", "Services\Discount\Discount.API\Discount.API.csproj", "{9B4CBD3E-E3C4-4B96-BF72-A312979EC77A}"
EndProject
Project("{9A19103F-16F7-4668-BE54-9A1E7A4F7556}") = "Discount.Grpc", "Services\Discount\Discount.Grpc\Discount.Grpc.csproj", "{025F684B-9577-4068-834B-F81FBF1B10EA}"
EndProject
Project("{2150E333-8FDC-42A3-9474-1A3956D46DE8}") = "Ordering", "Ordering", "{47902091-4756-4EDE-A7C6-3C2677496FAE}"
EndProject
Project("{9A19103F-16F7-4668-BE54-9A1E7A4F7556}") = "Ordering.Domain", "Services\Ordering\Ordering.Domain\Ordering.Domain.csproj", "{3C1F4D15-0113-4FBF-9969-2BDC51FB3201}"
EndProject
Project("{9A19103F-16F7-4668-BE54-9A1E7A4F7556}") = "Ordering.Application", "Services\Ordering\Ordering.Application\Ordering.Application.csproj", "{814B1D22-52FF-4DF8-B476-62ACA595A4A3}"
EndProject
Project("{9A19103F-16F7-4668-BE54-9A1E7A4F7556}") = "Ordering.Infrastructure", "Services\Ordering\Ordering.Infrastructure\Ordering.Infrastructure.csproj", "{06BC6DB8-0C9F-44A1-8A8C-0EB332A507FF}"
EndProject
Project("{FAE04EC0-301F-11D3-BF4B-00C04F79EFBC}") = "Ordering.API", "Services\Ordering\Ordering.API\Ordering.API.csproj", "{154FD7C7-BD84-470E-BF64-6E6C392EF393}"
EndProject
Global
	GlobalSection(SolutionConfigurationPlatforms) = preSolution
		Debug|Any CPU = Debug|Any CPU
		Release|Any CPU = Release|Any CPU
	EndGlobalSection
	GlobalSection(ProjectConfigurationPlatforms) = postSolution
		{0C9FC3D2-3A2D-4395-89F5-B17FB55CF8B1}.Debug|Any CPU.ActiveCfg = Debug|Any CPU
		{0C9FC3D2-3A2D-4395-89F5-B17FB55CF8B1}.Debug|Any CPU.Build.0 = Debug|Any CPU
		{0C9FC3D2-3A2D-4395-89F5-B17FB55CF8B1}.Release|Any CPU.ActiveCfg = Release|Any CPU
		{0C9FC3D2-3A2D-4395-89F5-B17FB55CF8B1}.Release|Any CPU.Build.0 = Release|Any CPU
		{3A9ABA71-ABC0-4485-BDDA-F3FE41DE8009}.Debug|Any CPU.ActiveCfg = Debug|Any CPU
		{3A9ABA71-ABC0-4485-BDDA-F3FE41DE8009}.Debug|Any CPU.Build.0 = Debug|Any CPU
		{3A9ABA71-ABC0-4485-BDDA-F3FE41DE8009}.Release|Any CPU.ActiveCfg = Release|Any CPU
		{3A9ABA71-ABC0-4485-BDDA-F3FE41DE8009}.Release|Any CPU.Build.0 = Release|Any CPU
		{BEE8C060-1F21-42B7-ACC9-7CAF384CFD67}.Debug|Any CPU.ActiveCfg = Debug|Any CPU
		{BEE8C060-1F21-42B7-ACC9-7CAF384CFD67}.Debug|Any CPU.Build.0 = Debug|Any CPU
		{BEE8C060-1F21-42B7-ACC9-7CAF384CFD67}.Release|Any CPU.ActiveCfg = Release|Any CPU
		{BEE8C060-1F21-42B7-ACC9-7CAF384CFD67}.Release|Any CPU.Build.0 = Release|Any CPU
		{9B4CBD3E-E3C4-4B96-BF72-A312979EC77A}.Debug|Any CPU.ActiveCfg = Debug|Any CPU
		{9B4CBD3E-E3C4-4B96-BF72-A312979EC77A}.Debug|Any CPU.Build.0 = Debug|Any CPU
		{9B4CBD3E-E3C4-4B96-BF72-A312979EC77A}.Release|Any CPU.ActiveCfg = Release|Any CPU
		{9B4CBD3E-E3C4-4B96-BF72-A312979EC77A}.Release|Any CPU.Build.0 = Release|Any CPU
		{025F684B-9577-4068-834B-F81FBF1B10EA}.Debug|Any CPU.ActiveCfg = Debug|Any CPU
		{025F684B-9577-4068-834B-F81FBF1B10EA}.Debug|Any CPU.Build.0 = Debug|Any CPU
		{025F684B-9577-4068-834B-F81FBF1B10EA}.Release|Any CPU.ActiveCfg = Release|Any CPU
		{025F684B-9577-4068-834B-F81FBF1B10EA}.Release|Any CPU.Build.0 = Release|Any CPU
		{3C1F4D15-0113-4FBF-9969-2BDC51FB3201}.Debug|Any CPU.ActiveCfg = Debug|Any CPU
		{3C1F4D15-0113-4FBF-9969-2BDC51FB3201}.Debug|Any CPU.Build.0 = Debug|Any CPU
		{3C1F4D15-0113-4FBF-9969-2BDC51FB3201}.Release|Any CPU.ActiveCfg = Release|Any CPU
		{3C1F4D15-0113-4FBF-9969-2BDC51FB3201}.Release|Any CPU.Build.0 = Release|Any CPU
		{814B1D22-52FF-4DF8-B476-62ACA595A4A3}.Debug|Any CPU.ActiveCfg = Debug|Any CPU
		{814B1D22-52FF-4DF8-B476-62ACA595A4A3}.Debug|Any CPU.Build.0 = Debug|Any CPU
		{814B1D22-52FF-4DF8-B476-62ACA595A4A3}.Release|Any CPU.ActiveCfg = Release|Any CPU
		{814B1D22-52FF-4DF8-B476-62ACA595A4A3}.Release|Any CPU.Build.0 = Release|Any CPU
		{06BC6DB8-0C9F-44A1-8A8C-0EB332A507FF}.Debug|Any CPU.ActiveCfg = Debug|Any CPU
		{06BC6DB8-0C9F-44A1-8A8C-0EB332A507FF}.Debug|Any CPU.Build.0 = Debug|Any CPU
		{06BC6DB8-0C9F-44A1-8A8C-0EB332A507FF}.Release|Any CPU.ActiveCfg = Release|Any CPU
		{06BC6DB8-0C9F-44A1-8A8C-0EB332A507FF}.Release|Any CPU.Build.0 = Release|Any CPU
		{154FD7C7-BD84-470E-BF64-6E6C392EF393}.Debug|Any CPU.ActiveCfg = Debug|Any CPU
		{154FD7C7-BD84-470E-BF64-6E6C392EF393}.Debug|Any CPU.Build.0 = Debug|Any CPU
		{154FD7C7-BD84-470E-BF64-6E6C392EF393}.Release|Any CPU.ActiveCfg = Release|Any CPU
		{154FD7C7-BD84-470E-BF64-6E6C392EF393}.Release|Any CPU.Build.0 = Release|Any CPU
	EndGlobalSection
	GlobalSection(SolutionProperties) = preSolution
		HideSolutionNode = FALSE
	EndGlobalSection
	GlobalSection(NestedProjects) = preSolution
		{CD58EE92-7FFE-41A3-8894-96F52CBEE4FB} = {26AA86CF-962E-4EF0-B7AB-5DB8E95E46BD}
		{0C9FC3D2-3A2D-4395-89F5-B17FB55CF8B1} = {CD58EE92-7FFE-41A3-8894-96F52CBEE4FB}
		{29DCEAF7-8019-454B-97AA-29CD3DED1C86} = {26AA86CF-962E-4EF0-B7AB-5DB8E95E46BD}
		{BEE8C060-1F21-42B7-ACC9-7CAF384CFD67} = {29DCEAF7-8019-454B-97AA-29CD3DED1C86}
		{4FBFBA4E-BF43-4C60-8B41-A67EBDE574C4} = {26AA86CF-962E-4EF0-B7AB-5DB8E95E46BD}
		{9B4CBD3E-E3C4-4B96-BF72-A312979EC77A} = {4FBFBA4E-BF43-4C60-8B41-A67EBDE574C4}
		{025F684B-9577-4068-834B-F81FBF1B10EA} = {4FBFBA4E-BF43-4C60-8B41-A67EBDE574C4}
		{47902091-4756-4EDE-A7C6-3C2677496FAE} = {26AA86CF-962E-4EF0-B7AB-5DB8E95E46BD}
		{3C1F4D15-0113-4FBF-9969-2BDC51FB3201} = {47902091-4756-4EDE-A7C6-3C2677496FAE}
		{814B1D22-52FF-4DF8-B476-62ACA595A4A3} = {47902091-4756-4EDE-A7C6-3C2677496FAE}
		{06BC6DB8-0C9F-44A1-8A8C-0EB332A507FF} = {47902091-4756-4EDE-A7C6-3C2677496FAE}
		{154FD7C7-BD84-470E-BF64-6E6C392EF393} = {47902091-4756-4EDE-A7C6-3C2677496FAE}
	EndGlobalSection
	GlobalSection(ExtensibilityGlobals) = postSolution
		SolutionGuid = {74CE42A6-311B-458C-8EEE-FE2033026EE8}
	EndGlobalSection
EndGlobal
